
Microsoft Visual Studio Solution File, Format Version 12.00
# Visual Studio Version 16
VisualStudioVersion = 16.0.31702.278
MinimumVisualStudioVersion = 10.0.40219.1
Project("{8BC9CEB8-8B4A-11D0-8D11-00A0C91BC942}") = "C++_Algorithm", "C++_Algorithm\C++_Algorithm.vcxproj", "{5B0386E1-E2EE-408A-8690-25E6AB1661AC}"
EndProject
Project("{8BC9CEB8-8B4A-11D0-8D11-00A0C91BC942}") = "Maze", "Maze\Maze.vcxproj", "{01487C54-BDB7-4248-BB3E-195D90295ADB}"
EndProject
Global
	GlobalSection(SolutionConfigurationPlatforms) = preSolution
		Debug|x64 = Debug|x64
		Debug|x86 = Debug|x86
		Release|x64 = Release|x64
		Release|x86 = Release|x86
	EndGlobalSection
	GlobalSection(ProjectConfigurationPlatforms) = postSolution
		{5B0386E1-E2EE-408A-8690-25E6AB1661AC}.Debug|x64.ActiveCfg = Debug|x64
		{5B0386E1-E2EE-408A-8690-25E6AB1661AC}.Debug|x64.Build.0 = Debug|x64
		{5B0386E1-E2EE-408A-8690-25E6AB1661AC}.Debug|x86.ActiveCfg = Debug|Win32
		{5B0386E1-E2EE-408A-8690-25E6AB1661AC}.Debug|x86.Build.0 = Debug|Win32
		{5B0386E1-E2EE-408A-8690-25E6AB1661AC}.Release|x64.ActiveCfg = Release|x64
		{5B0386E1-E2EE-408A-8690-25E6AB1661AC}.Release|x64.Build.0 = Release|x64
		{5B0386E1-E2EE-408A-8690-25E6AB1661AC}.Release|x86.ActiveCfg = Release|Win32
		{5B0386E1-E2EE-408A-8690-25E6AB1661AC}.Release|x86.Build.0 = Release|Win32
		{01487C54-BDB7-4248-BB3E-195D90295ADB}.Debug|x64.ActiveCfg = Debug|x64
		{01487C54-BDB7-4248-BB3E-195D90295ADB}.Debug|x64.Build.0 = Debug|x64
		{01487C54-BDB7-4248-BB3E-195D90295ADB}.Debug|x86.ActiveCfg = Debug|Win32
		{01487C54-BDB7-4248-BB3E-195D90295ADB}.Debug|x86.Build.0 = Debug|Win32
		{01487C54-BDB7-4248-BB3E-195D90295ADB}.Release|x64.ActiveCfg = Release|x64
		{01487C54-BDB7-4248-BB3E-195D90295ADB}.Release|x64.Build.0 = Release|x64
		{01487C54-BDB7-4248-BB3E-195D90295ADB}.Release|x86.ActiveCfg = Release|Win32
		{01487C54-BDB7-4248-BB3E-195D90295ADB}.Release|x86.Build.0 = Release|Win32
	EndGlobalSection
	GlobalSection(SolutionProperties) = preSolution
		HideSolutionNode = FALSE
	EndGlobalSection
	GlobalSection(ExtensibilityGlobals) = postSolution
		SolutionGuid = {9FBC8C4B-AA3B-406C-A105-E74074DBC141}
	EndGlobalSection
EndGlobal
